{
  "version": 4,
  "terraform_version": "1.3.8",
  "serial": 101,
  "lineage": "dfcfe03a-dd6c-df5b-1839-5cbea8f4ea21",
  "outputs": {
    "aws_s3_bucket_id": {
      "value": "sol-tf-test-bucket.s3.amazonaws.com",
      "type": "string"
    }
  },
  "resources": [
    {
      "mode": "managed",
      "type": "aws_iam_user",
      "name": "my_aws_iam_user",
      "provider": "provider[\"registry.terraform.io/hashicorp/aws\"]",
      "instances": [
        {
          "index_key": "kama",
          "schema_version": 0,
          "attributes": {
            "arn": "arn:aws:iam::318549975144:user/kama",
            "force_destroy": false,
            "id": "kama",
            "name": "kama",
            "path": "/",
            "permissions_boundary": "",
            "tags": {
              "country": "Canada",
              "group": "admin"
            },
            "tags_all": {
              "country": "Canada",
              "group": "admin"
            },
            "unique_id": "AIDAUUKYO4BUPTJKQH4JF"
          },
          "sensitive_attributes": [],
          "private": "bnVsbA=="
        },
        {
          "index_key": "laka",
          "schema_version": 0,
          "attributes": {
            "arn": "arn:aws:iam::318549975144:user/laka",
            "force_destroy": false,
            "id": "laka",
            "name": "laka",
            "path": "/",
            "permissions_boundary": "",
            "tags": {
              "country": "China",
              "group": "user"
            },
            "tags_all": {
              "country": "China",
              "group": "user"
            },
            "unique_id": "AIDAUUKYO4BUFD5MWWS3O"
          },
          "sensitive_attributes": [],
          "private": "bnVsbA=="
        },
        {
          "index_key": "maja",
          "schema_version": 0,
          "attributes": {
            "arn": "arn:aws:iam::318549975144:user/maja",
            "force_destroy": false,
            "id": "maja",
            "name": "maja",
            "path": "/",
            "permissions_boundary": "",
            "tags": {
              "country": "India",
              "group": "manager"
            },
            "tags_all": {
              "country": "India",
              "group": "manager"
            },
            "unique_id": "AIDAUUKYO4BUPSWWPKZLN"
          },
          "sensitive_attributes": [],
          "private": "bnVsbA=="
        }
      ]
    },
    {
      "mode": "managed",
      "type": "aws_s3_bucket",
      "name": "tf_aws_s3_bucket",
      "provider": "provider[\"registry.terraform.io/hashicorp/aws\"]",
      "instances": [
        {
          "schema_version": 0,
          "attributes": {
            "acceleration_status": "",
            "acl": null,
            "arn": "arn:aws:s3:::sol-tf-test-bucket",
            "bucket": "sol-tf-test-bucket",
            "bucket_domain_name": "sol-tf-test-bucket.s3.amazonaws.com",
            "bucket_prefix": "",
            "bucket_regional_domain_name": "sol-tf-test-bucket.s3.ca-central-1.amazonaws.com",
            "cors_rule": [],
            "force_destroy": false,
            "grant": [
              {
                "id": "95e2002cc9ee2ce4fc98b7941a869af611e37c32cad1e8d87d0c5163cd90f2d1",
                "permissions": [
                  "FULL_CONTROL"
                ],
                "type": "CanonicalUser",
                "uri": ""
              }
            ],
            "hosted_zone_id": "Z1QDHH18159H29",
            "id": "sol-tf-test-bucket",
            "lifecycle_rule": [],
            "logging": [],
            "object_lock_configuration": [],
            "object_lock_enabled": false,
            "policy": "",
            "region": "ca-central-1",
            "replication_configuration": [],
            "request_payer": "BucketOwner",
            "server_side_encryption_configuration": [
              {
                "rule": [
                  {
                    "apply_server_side_encryption_by_default": [
                      {
                        "kms_master_key_id": "",
                        "sse_algorithm": "AES256"
                      }
                    ],
                    "bucket_key_enabled": false
                  }
                ]
              }
            ],
            "tags": {
              "Environment": "Dev",
              "Name": "sol_tf_var_bucket"
            },
            "tags_all": {
              "Environment": "Dev",
              "Name": "sol_tf_var_bucket"
            },
            "timeouts": null,
            "versioning": [
              {
                "enabled": true,
                "mfa_delete": false
              }
            ],
            "website": [],
            "website_domain": null,
            "website_endpoint": null
          },
          "sensitive_attributes": [],
          "private": "eyJlMmJmYjczMC1lY2FhLTExZTYtOGY4OC0zNDM2M2JjN2M0YzAiOnsiY3JlYXRlIjoxMjAwMDAwMDAwMDAwLCJkZWxldGUiOjM2MDAwMDAwMDAwMDAsInJlYWQiOjEyMDAwMDAwMDAwMDAsInVwZGF0ZSI6MTIwMDAwMDAwMDAwMH19"
        }
      ]
    },
    {
      "mode": "managed",
      "type": "aws_s3_bucket_versioning",
      "name": "tf_versioning_example",
      "provider": "provider[\"registry.terraform.io/hashicorp/aws\"]",
      "instances": [
        {
          "schema_version": 0,
          "attributes": {
            "bucket": "sol-tf-test-bucket",
            "expected_bucket_owner": "",
            "id": "sol-tf-test-bucket",
            "mfa": null,
            "versioning_configuration": [
              {
                "mfa_delete": "",
                "status": "Enabled"
              }
            ]
          },
          "sensitive_attributes": [],
          "private": "bnVsbA==",
          "dependencies": [
            "aws_s3_bucket.tf_aws_s3_bucket"
          ]
        }
      ]
    },
    {
      "mode": "managed",
      "type": "aws_vpc",
      "name": "tf_aws_vpc",
      "provider": "provider[\"registry.terraform.io/hashicorp/aws\"]",
      "instances": [
        {
          "schema_version": 1,
          "attributes": {
            "arn": "arn:aws:ec2:ca-central-1:318549975144:vpc/vpc-05c44d0f30ffbcc1a",
            "assign_generated_ipv6_cidr_block": false,
            "cidr_block": "10.10.0.0/16",
            "default_network_acl_id": "acl-0eaa0f91ee2cb0f3a",
            "default_route_table_id": "rtb-06d331ba837bbd96d",
            "default_security_group_id": "sg-0eddee4cedd071571",
            "dhcp_options_id": "dopt-00daf90fe871c3a26",
            "enable_dns_hostnames": false,
            "enable_dns_support": true,
            "enable_network_address_usage_metrics": false,
            "id": "vpc-05c44d0f30ffbcc1a",
            "instance_tenancy": "default",
            "ipv4_ipam_pool_id": null,
            "ipv4_netmask_length": null,
            "ipv6_association_id": "",
            "ipv6_cidr_block": "",
            "ipv6_cidr_block_network_border_group": "",
            "ipv6_ipam_pool_id": "",
            "ipv6_netmask_length": 0,
            "main_route_table_id": "rtb-06d331ba837bbd96d",
            "owner_id": "318549975144",
            "tags": {
              "Name": "sol_tf_var_vpc"
            },
            "tags_all": {
              "Name": "sol_tf_var_vpc"
            }
          },
          "sensitive_attributes": [],
          "private": "eyJzY2hlbWFfdmVyc2lvbiI6IjEifQ=="
        }
      ]
    }
  ],
  "check_results": null
}
